// !$*UTF8*$!
{
	archiveVersion = 1;
	classes = {
	};
	objectVersion = 55;
	objects = {

/* Begin PBXBuildFile section */
		ACC07C7427B7BF7F000FBDE5 /* AppDelegate.swift in Sources */ = {isa = PBXBuildFile; fileRef = ACC07C7327B7BF7F000FBDE5 /* AppDelegate.swift */; };
		ACC07C7627B7BF7F000FBDE5 /* SceneDelegate.swift in Sources */ = {isa = PBXBuildFile; fileRef = ACC07C7527B7BF7F000FBDE5 /* SceneDelegate.swift */; };
		ACC07C7827B7BF7F000FBDE5 /* ViewController.swift in Sources */ = {isa = PBXBuildFile; fileRef = ACC07C7727B7BF7F000FBDE5 /* ViewController.swift */; };
		ACC07C7B27B7BF7F000FBDE5 /* Main.storyboard in Resources */ = {isa = PBXBuildFile; fileRef = ACC07C7927B7BF7F000FBDE5 /* Main.storyboard */; };
		ACC07C7D27B7BF82000FBDE5 /* Assets.xcassets in Resources */ = {isa = PBXBuildFile; fileRef = ACC07C7C27B7BF82000FBDE5 /* Assets.xcassets */; };
		ACC07C8027B7BF82000FBDE5 /* LaunchScreen.storyboard in Resources */ = {isa = PBXBuildFile; fileRef = ACC07C7E27B7BF82000FBDE5 /* LaunchScreen.storyboard */; };
		ACC07C8B27B7BF82000FBDE5 /* calculator2Tests.swift in Sources */ = {isa = PBXBuildFile; fileRef = ACC07C8A27B7BF82000FBDE5 /* calculator2Tests.swift */; };
		ACC07C9527B7BF82000FBDE5 /* calculator2UITests.swift in Sources */ = {isa = PBXBuildFile; fileRef = ACC07C9427B7BF82000FBDE5 /* calculator2UITests.swift */; };
		ACC07C9727B7BF82000FBDE5 /* calculator2UITestsLaunchTests.swift in Sources */ = {isa = PBXBuildFile; fileRef = ACC07C9627B7BF82000FBDE5 /* calculator2UITestsLaunchTests.swift */; };
/* End PBXBuildFile section */

/* Begin PBXContainerItemProxy section */
		ACC07C8727B7BF82000FBDE5 /* PBXContainerItemProxy */ = {
			isa = PBXContainerItemProxy;
			containerPortal = ACC07C6827B7BF7F000FBDE5 /* Project object */;
			proxyType = 1;
			remoteGlobalIDString = ACC07C6F27B7BF7F000FBDE5;
			remoteInfo = calculator2;
		};
		ACC07C9127B7BF82000FBDE5 /* PBXContainerItemProxy */ = {
			isa = PBXContainerItemProxy;
			containerPortal = ACC07C6827B7BF7F000FBDE5 /* Project object */;
			proxyType = 1;
			remoteGlobalIDString = ACC07C6F27B7BF7F000FBDE5;
			remoteInfo = calculator2;
		};
/* End PBXContainerItemProxy section */

/* Begin PBXFileReference section */
		ACC07C7027B7BF7F000FBDE5 /* calculator2.app */ = {isa = PBXFileReference; explicitFileType = wrapper.application; includeInIndex = 0; path = calculator2.app; sourceTree = BUILT_PRODUCTS_DIR; };
		ACC07C7327B7BF7F000FBDE5 /* AppDelegate.swift */ = {isa = PBXFileReference; lastKnownFileType = sourcecode.swift; path = AppDelegate.swift; sourceTree = "<group>"; };
		ACC07C7527B7BF7F000FBDE5 /* SceneDelegate.swift */ = {isa = PBXFileReference; lastKnownFileType = sourcecode.swift; path = SceneDelegate.swift; sourceTree = "<group>"; };
		ACC07C7727B7BF7F000FBDE5 /* ViewController.swift */ = {isa = PBXFileReference; lastKnownFileType = sourcecode.swift; path = ViewController.swift; sourceTree = "<group>"; };
		ACC07C7A27B7BF7F000FBDE5 /* Base */ = {isa = PBXFileReference; lastKnownFileType = file.storyboard; name = Base; path = Base.lproj/Main.storyboard; sourceTree = "<group>"; };
		ACC07C7C27B7BF82000FBDE5 /* Assets.xcassets */ = {isa = PBXFileReference; lastKnownFileType = folder.assetcatalog; path = Assets.xcassets; sourceTree = "<group>"; };
		ACC07C7F27B7BF82000FBDE5 /* Base */ = {isa = PBXFileReference; lastKnownFileType = file.storyboard; name = Base; path = Base.lproj/LaunchScreen.storyboard; sourceTree = "<group>"; };
		ACC07C8127B7BF82000FBDE5 /* Info.plist */ = {isa = PBXFileReference; lastKnownFileType = text.plist.xml; path = Info.plist; sourceTree = "<group>"; };
		ACC07C8627B7BF82000FBDE5 /* calculator2Tests.xctest */ = {isa = PBXFileReference; explicitFileType = wrapper.cfbundle; includeInIndex = 0; path = calculator2Tests.xctest; sourceTree = BUILT_PRODUCTS_DIR; };
		ACC07C8A27B7BF82000FBDE5 /* calculator2Tests.swift */ = {isa = PBXFileReference; lastKnownFileType = sourcecode.swift; path = calculator2Tests.swift; sourceTree = "<group>"; };
		ACC07C9027B7BF82000FBDE5 /* calculator2UITests.xctest */ = {isa = PBXFileReference; explicitFileType = wrapper.cfbundle; includeInIndex = 0; path = calculator2UITests.xctest; sourceTree = BUILT_PRODUCTS_DIR; };
		ACC07C9427B7BF82000FBDE5 /* calculator2UITests.swift */ = {isa = PBXFileReference; lastKnownFileType = sourcecode.swift; path = calculator2UITests.swift; sourceTree = "<group>"; };
		ACC07C9627B7BF82000FBDE5 /* calculator2UITestsLaunchTests.swift */ = {isa = PBXFileReference; lastKnownFileType = sourcecode.swift; path = calculator2UITestsLaunchTests.swift; sourceTree = "<group>"; };
/* End PBXFileReference section */

/* Begin PBXFrameworksBuildPhase section */
		ACC07C6D27B7BF7F000FBDE5 /* Frameworks */ = {
			isa = PBXFrameworksBuildPhase;
			buildActionMask = 2147483647;
			files = (
			);
			runOnlyForDeploymentPostprocessing = 0;
		};
		ACC07C8327B7BF82000FBDE5 /* Frameworks */ = {
			isa = PBXFrameworksBuildPhase;
			buildActionMask = 2147483647;
			files = (
			);
			runOnlyForDeploymentPostprocessing = 0;
		};
		ACC07C8D27B7BF82000FBDE5 /* Frameworks */ = {
			isa = PBXFrameworksBuildPhase;
			buildActionMask = 2147483647;
			files = (
			);
			runOnlyForDeploymentPostprocessing = 0;
		};
/* End PBXFrameworksBuildPhase section */

/* Begin PBXGroup section */
		ACC07C6727B7BF7F000FBDE5 = {
			isa = PBXGroup;
			children = (
				ACC07C7227B7BF7F000FBDE5 /* calculator2 */,
				ACC07C8927B7BF82000FBDE5 /* calculator2Tests */,
				ACC07C9327B7BF82000FBDE5 /* calculator2UITests */,
				ACC07C7127B7BF7F000FBDE5 /* Products */,
			);
			sourceTree = "<group>";
		};
		ACC07C7127B7BF7F000FBDE5 /* Products */ = {
			isa = PBXGroup;
			children = (
				ACC07C7027B7BF7F000FBDE5 /* calculator2.app */,
				ACC07C8627B7BF82000FBDE5 /* calculator2Tests.xctest */,
				ACC07C9027B7BF82000FBDE5 /* calculator2UITests.xctest */,
			);
			name = Products;
			sourceTree = "<group>";
		};
		ACC07C7227B7BF7F000FBDE5 /* calculator2 */ = {
			isa = PBXGroup;
			children = (
				ACC07C7327B7BF7F000FBDE5 /* AppDelegate.swift */,
				ACC07C7527B7BF7F000FBDE5 /* SceneDelegate.swift */,
				ACC07C7727B7BF7F000FBDE5 /* ViewController.swift */,
				ACC07C7927B7BF7F000FBDE5 /* Main.storyboard */,
				ACC07C7C27B7BF82000FBDE5 /* Assets.xcassets */,
				ACC07C7E27B7BF82000FBDE5 /* LaunchScreen.storyboard */,
				ACC07C8127B7BF82000FBDE5 /* Info.plist */,
			);
			path = calculator2;
			sourceTree = "<group>";
		};
		ACC07C8927B7BF82000FBDE5 /* calculator2Tests */ = {
			isa = PBXGroup;
			children = (
				ACC07C8A27B7BF82000FBDE5 /* calculator2Tests.swift */,
			);
			path = calculator2Tests;
			sourceTree = "<group>";
		};
		ACC07C9327B7BF82000FBDE5 /* calculator2UITests */ = {
			isa = PBXGroup;
			children = (
				ACC07C9427B7BF82000FBDE5 /* calculator2UITests.swift */,
				ACC07C9627B7BF82000FBDE5 /* calculator2UITestsLaunchTests.swift */,
			);
			path = calculator2UITests;
			sourceTree = "<group>";
		};
/* End PBXGroup section */

/* Begin PBXNativeTarget section */
		ACC07C6F27B7BF7F000FBDE5 /* calculator2 */ = {
			isa = PBXNativeTarget;
			buildConfigurationList = ACC07C9A27B7BF82000FBDE5 /* Build configuration list for PBXNativeTarget "calculator2" */;
			buildPhases = (
				ACC07C6C27B7BF7F000FBDE5 /* Sources */,
				ACC07C6D27B7BF7F000FBDE5 /* Frameworks */,
				ACC07C6E27B7BF7F000FBDE5 /* Resources */,
			);
			buildRules = (
			);
			dependencies = (
			);
			name = calculator2;
			productName = calculator2;
			productReference = ACC07C7027B7BF7F000FBDE5 /* calculator2.app */;
			productType = "com.apple.product-type.application";
		};
		ACC07C8527B7BF82000FBDE5 /* calculator2Tests */ = {
			isa = PBXNativeTarget;
			buildConfigurationList = ACC07C9D27B7BF82000FBDE5 /* Build configuration list for PBXNativeTarget "calculator2Tests" */;
			buildPhases = (
				ACC07C8227B7BF82000FBDE5 /* Sources */,
				ACC07C8327B7BF82000FBDE5 /* Frameworks */,
				ACC07C8427B7BF82000FBDE5 /* Resources */,
			);
			buildRules = (
			);
			dependencies = (
				ACC07C8827B7BF82000FBDE5 /* PBXTargetDependency */,
			);
			name = calculator2Tests;
			productName = calculator2Tests;
			productReference = ACC07C8627B7BF82000FBDE5 /* calculator2Tests.xctest */;
			productType = "com.apple.product-type.bundle.unit-test";
		};
		ACC07C8F27B7BF82000FBDE5 /* calculator2UITests */ = {
			isa = PBXNativeTarget;
			buildConfigurationList = ACC07CA027B7BF82000FBDE5 /* Build configuration list for PBXNativeTarget "calculator2UITests" */;
			buildPhases = (
				ACC07C8C27B7BF82000FBDE5 /* Sources */,
				ACC07C8D27B7BF82000FBDE5 /* Frameworks */,
				ACC07C8E27B7BF82000FBDE5 /* Resources */,
			);
			buildRules = (
			);
			dependencies = (
				ACC07C9227B7BF82000FBDE5 /* PBXTargetDependency */,
			);
			name = calculator2UITests;
			productName = calculator2UITests;
			productReference = ACC07C9027B7BF82000FBDE5 /* calculator2UITests.xctest */;
			productType = "com.apple.product-type.bundle.ui-testing";
		};
/* End PBXNativeTarget section */

/* Begin PBXProject section */
		ACC07C6827B7BF7F000FBDE5 /* Project object */ = {
			isa = PBXProject;
			attributes = {
				BuildIndependentTargetsInParallel = 1;
				LastSwiftUpdateCheck = 1320;
				LastUpgradeCheck = 1320;
				TargetAttributes = {
					ACC07C6F27B7BF7F000FBDE5 = {
						CreatedOnToolsVersion = 13.2.1;
					};
					ACC07C8527B7BF82000FBDE5 = {
						CreatedOnToolsVersion = 13.2.1;
						TestTargetID = ACC07C6F27B7BF7F000FBDE5;
					};
					ACC07C8F27B7BF82000FBDE5 = {
						CreatedOnToolsVersion = 13.2.1;
						TestTargetID = ACC07C6F27B7BF7F000FBDE5;
					};
				};
			};
			buildConfigurationList = ACC07C6B27B7BF7F000FBDE5 /* Build configuration list for PBXProject "calculator2" */;
			compatibilityVersion = "Xcode 13.0";
			developmentRegion = en;
			hasScannedForEncodings = 0;
			knownRegions = (
				en,
				Base,
			);
			mainGroup = ACC07C6727B7BF7F000FBDE5;
			productRefGroup = ACC07C7127B7BF7F000FBDE5 /* Products */;
			projectDirPath = "";
			projectRoot = "";
			targets = (
				ACC07C6F27B7BF7F000FBDE5 /* calculator2 */,
				ACC07C8527B7BF82000FBDE5 /* calculator2Tests */,
				ACC07C8F27B7BF82000FBDE5 /* calculator2UITests */,
			);
		};
/* End PBXProject section */

/* Begin PBXResourcesBuildPhase section */
		ACC07C6E27B7BF7F000FBDE5 /* Resources */ = {
			isa = PBXResourcesBuildPhase;
			buildActionMask = 2147483647;
			files = (
				ACC07C8027B7BF82000FBDE5 /* LaunchScreen.storyboard in Resources */,
				ACC07C7D27B7BF82000FBDE5 /* Assets.xcassets in Resources */,
				ACC07C7B27B7BF7F000FBDE5 /* Main.storyboard in Resources */,
			);
			runOnlyForDeploymentPostprocessing = 0;
		};
		ACC07C8427B7BF82000FBDE5 /* Resources */ = {
			isa = PBXResourcesBuildPhase;
			buildActionMask = 2147483647;
			files = (
			);
			runOnlyForDeploymentPostprocessing = 0;
		};
		ACC07C8E27B7BF82000FBDE5 /* Resources */ = {
			isa = PBXResourcesBuildPhase;
			buildActionMask = 2147483647;
			files = (
			);
			runOnlyForDeploymentPostprocessing = 0;
		};
/* End PBXResourcesBuildPhase section */

/* Begin PBXSourcesBuildPhase section */
		ACC07C6C27B7BF7F000FBDE5 /* Sources */ = {
			isa = PBXSourcesBuildPhase;
			buildActionMask = 2147483647;
			files = (
				ACC07C7827B7BF7F000FBDE5 /* ViewController.swift in Sources */,
				ACC07C7427B7BF7F000FBDE5 /* AppDelegate.swift in Sources */,
				ACC07C7627B7BF7F000FBDE5 /* SceneDelegate.swift in Sources */,
			);
			runOnlyForDeploymentPostprocessing = 0;
		};
		ACC07C8227B7BF82000FBDE5 /* Sources */ = {
			isa = PBXSourcesBuildPhase;
			buildActionMask = 2147483647;
			files = (
				ACC07C8B27B7BF82000FBDE5 /* calculator2Tests.swift in Sources */,
			);
			runOnlyForDeploymentPostprocessing = 0;
		};
		ACC07C8C27B7BF82000FBDE5 /* Sources */ = {
			isa = PBXSourcesBuildPhase;
			buildActionMask = 2147483647;
			files = (
				ACC07C9527B7BF82000FBDE5 /* calculator2UITests.swift in Sources */,
				ACC07C9727B7BF82000FBDE5 /* calculator2UITestsLaunchTests.swift in Sources */,
			);
			runOnlyForDeploymentPostprocessing = 0;
		};
/* End PBXSourcesBuildPhase section */

/* Begin PBXTargetDependency section */
		ACC07C8827B7BF82000FBDE5 /* PBXTargetDependency */ = {
			isa = PBXTargetDependency;
			target = ACC07C6F27B7BF7F000FBDE5 /* calculator2 */;
			targetProxy = ACC07C8727B7BF82000FBDE5 /* PBXContainerItemProxy */;
		};
		ACC07C9227B7BF82000FBDE5 /* PBXTargetDependency */ = {
			isa = PBXTargetDependency;
			target = ACC07C6F27B7BF7F000FBDE5 /* calculator2 */;
			targetProxy = ACC07C9127B7BF82000FBDE5 /* PBXContainerItemProxy */;
		};
/* End PBXTargetDependency section */

/* Begin PBXVariantGroup section */
		ACC07C7927B7BF7F000FBDE5 /* Main.storyboard */ = {
			isa = PBXVariantGroup;
			children = (
				ACC07C7A27B7BF7F000FBDE5 /* Base */,
			);
			name = Main.storyboard;
			sourceTree = "<group>";
		};
		ACC07C7E27B7BF82000FBDE5 /* LaunchScreen.storyboard */ = {
			isa = PBXVariantGroup;
			children = (
				ACC07C7F27B7BF82000FBDE5 /* Base */,
			);
			name = LaunchScreen.storyboard;
			sourceTree = "<group>";
		};
/* End PBXVariantGroup section */

/* Begin XCBuildConfiguration section */
		ACC07C9827B7BF82000FBDE5 /* Debug */ = {
			isa = XCBuildConfiguration;
			buildSettings = {
				ALWAYS_SEARCH_USER_PATHS = NO;
				CLANG_ANALYZER_NONNULL = YES;
				CLANG_ANALYZER_NUMBER_OBJECT_CONVERSION = YES_AGGRESSIVE;
				CLANG_CXX_LANGUAGE_STANDARD = "gnu++17";
				CLANG_CXX_LIBRARY = "libc++";
				CLANG_ENABLE_MODULES = YES;
				CLANG_ENABLE_OBJC_ARC = YES;
				CLANG_ENABLE_OBJC_WEAK = YES;
				CLANG_WARN_BLOCK_CAPTURE_AUTORELEASING = YES;
				CLANG_WARN_BOOL_CONVERSION = YES;
				CLANG_WARN_COMMA = YES;
				CLANG_WARN_CONSTANT_CONVERSION = YES;
				CLANG_WARN_DEPRECATED_OBJC_IMPLEMENTATIONS = YES;
				CLANG_WARN_DIRECT_OBJC_ISA_USAGE = YES_ERROR;
				CLANG_WARN_DOCUMENTATION_COMMENTS = YES;
				CLANG_WARN_EMPTY_BODY = YES;
				CLANG_WARN_ENUM_CONVERSION = YES;
				CLANG_WARN_INFINITE_RECURSION = YES;
				CLANG_WARN_INT_CONVERSION = YES;
				CLANG_WARN_NON_LITERAL_NULL_CONVERSION = YES;
				CLANG_WARN_OBJC_IMPLICIT_RETAIN_SELF = YES;
				CLANG_WARN_OBJC_LITERAL_CONVERSION = YES;
				CLANG_WARN_OBJC_ROOT_CLASS = YES_ERROR;
				CLANG_WARN_QUOTED_INCLUDE_IN_FRAMEWORK_HEADER = YES;
				CLANG_WARN_RANGE_LOOP_ANALYSIS = YES;
				CLANG_WARN_STRICT_PROTOTYPES = YES;
				CLANG_WARN_SUSPICIOUS_MOVE = YES;
				CLANG_WARN_UNGUARDED_AVAILABILITY = YES_AGGRESSIVE;
				CLANG_WARN_UNREACHABLE_CODE = YES;
				CLANG_WARN__DUPLICATE_METHOD_MATCH = YES;
				COPY_PHASE_STRIP = NO;
				DEBUG_INFORMATION_FORMAT = dwarf;
				ENABLE_STRICT_OBJC_MSGSEND = YES;
				ENABLE_TESTABILITY = YES;
				GCC_C_LANGUAGE_STANDARD = gnu11;
				GCC_DYNAMIC_NO_PIC = NO;
				GCC_NO_COMMON_BLOCKS = YES;
				GCC_OPTIMIZATION_LEVEL = 0;
				GCC_PREPROCESSOR_DEFINITIONS = (
					"DEBUG=1",
					"$(inherited)",
				);
				GCC_WARN_64_TO_32_BIT_CONVERSION = YES;
				GCC_WARN_ABOUT_RETURN_TYPE = YES_ERROR;
				GCC_WARN_UNDECLARED_SELECTOR = YES;
				GCC_WARN_UNINITIALIZED_AUTOS = YES_AGGRESSIVE;
				GCC_WARN_UNUSED_FUNCTION = YES;
				GCC_WARN_UNUSED_VARIABLE = YES;
				IPHONEOS_DEPLOYMENT_TARGET = 15.2;
				MTL_ENABLE_DEBUG_INFO = INCLUDE_SOURCE;
				MTL_FAST_MATH = YES;
				ONLY_ACTIVE_ARCH = YES;
				SDKROOT = iphoneos;
				SWIFT_ACTIVE_COMPILATION_CONDITIONS = DEBUG;
				SWIFT_OPTIMIZATION_LEVEL = "-Onone";
			};
			name = Debug;
		};
		ACC07C9927B7BF82000FBDE5 /* Release */ = {
			isa = XCBuildConfiguration;
			buildSettings = {
				ALWAYS_SEARCH_USER_PATHS = NO;
				CLANG_ANALYZER_NONNULL = YES;
				CLANG_ANALYZER_NUMBER_OBJECT_CONVERSION = YES_AGGRESSIVE;
				CLANG_CXX_LANGUAGE_STANDARD = "gnu++17";
				CLANG_CXX_LIBRARY = "libc++";
				CLANG_ENABLE_MODULES = YES;
				CLANG_ENABLE_OBJC_ARC = YES;
				CLANG_ENABLE_OBJC_WEAK = YES;
				CLANG_WARN_BLOCK_CAPTURE_AUTORELEASING = YES;
				CLANG_WARN_BOOL_CONVERSION = YES;
				CLANG_WARN_COMMA = YES;
				CLANG_WARN_CONSTANT_CONVERSION = YES;
				CLANG_WARN_DEPRECATED_OBJC_IMPLEMENTATIONS = YES;
				CLANG_WARN_DIRECT_OBJC_ISA_USAGE = YES_ERROR;
				CLANG_WARN_DOCUMENTATION_COMMENTS = YES;
				CLANG_WARN_EMPTY_BODY = YES;
				CLANG_WARN_ENUM_CONVERSION = YES;
				CLANG_WARN_INFINITE_RECURSION = YES;
				CLANG_WARN_INT_CONVERSION = YES;
				CLANG_WARN_NON_LITERAL_NULL_CONVERSION = YES;
				CLANG_WARN_OBJC_IMPLICIT_RETAIN_SELF = YES;
				CLANG_WARN_OBJC_LITERAL_CONVERSION = YES;
				CLANG_WARN_OBJC_ROOT_CLASS = YES_ERROR;
				CLANG_WARN_QUOTED_INCLUDE_IN_FRAMEWORK_HEADER = YES;
				CLANG_WARN_RANGE_LOOP_ANALYSIS = YES;
				CLANG_WARN_STRICT_PROTOTYPES = YES;
				CLANG_WARN_SUSPICIOUS_MOVE = YES;
				CLANG_WARN_UNGUARDED_AVAILABILITY = YES_AGGRESSIVE;
				CLANG_WARN_UNREACHABLE_CODE = YES;
				CLANG_WARN__DUPLICATE_METHOD_MATCH = YES;
				COPY_PHASE_STRIP = NO;
				DEBUG_INFORMATION_FORMAT = "dwarf-with-dsym";
				ENABLE_NS_ASSERTIONS = NO;
				ENABLE_STRICT_OBJC_MSGSEND = YES;
				GCC_C_LANGUAGE_STANDARD = gnu11;
				GCC_NO_COMMON_BLOCKS = YES;
				GCC_WARN_64_TO_32_BIT_CONVERSION = YES;
				GCC_WARN_ABOUT_RETURN_TYPE = YES_ERROR;
				GCC_WARN_UNDECLARED_SELECTOR = YES;
				GCC_WARN_UNINITIALIZED_AUTOS = YES_AGGRESSIVE;
				GCC_WARN_UNUSED_FUNCTION = YES;
				GCC_WARN_UNUSED_VARIABLE = YES;
				IPHONEOS_DEPLOYMENT_TARGET = 15.2;
				MTL_ENABLE_DEBUG_INFO = NO;
				MTL_FAST_MATH = YES;
				SDKROOT = iphoneos;
				SWIFT_COMPILATION_MODE = wholemodule;
				SWIFT_OPTIMIZATION_LEVEL = "-O";
				VALIDATE_PRODUCT = YES;
			};
			name = Release;
		};
		ACC07C9B27B7BF82000FBDE5 /* Debug */ = {
			isa = XCBuildConfiguration;
			buildSettings = {
				ASSETCATALOG_COMPILER_APPICON_NAME = AppIcon;
				ASSETCATALOG_COMPILER_GLOBAL_ACCENT_COLOR_NAME = AccentColor;
				CODE_SIGN_STYLE = Automatic;
				CURRENT_PROJECT_VERSION = 1;
				DEVELOPMENT_TEAM = 5SR2HY74BB;
				GENERATE_INFOPLIST_FILE = YES;
				INFOPLIST_FILE = calculator2/Info.plist;
				INFOPLIST_KEY_UIApplicationSupportsIndirectInputEvents = YES;
				INFOPLIST_KEY_UILaunchStoryboardName = LaunchScreen;
				INFOPLIST_KEY_UIMainStoryboardFile = Main;
				INFOPLIST_KEY_UISupportedInterfaceOrientations_iPad = "UIInterfaceOrientationPortrait UIInterfaceOrientationPortraitUpsideDown UIInterfaceOrientationLandscapeLeft UIInterfaceOrientationLandscapeRight";
				INFOPLIST_KEY_UISupportedInterfaceOrientations_iPhone = "UIInterfaceOrientationPortrait UIInterfaceOrientationLandscapeLeft UIInterfaceOrientationLandscapeRight";
				LD_RUNPATH_SEARCH_PATHS = (
					"$(inherited)",
					"@executable_path/Frameworks",
				);
				MARKETING_VERSION = 1.0;
				PRODUCT_BUNDLE_IDENTIFIER = "ru.Ainur-Zhekenova.calculator2";
				PRODUCT_NAME = "$(TARGET_NAME)";
				SWIFT_EMIT_LOC_STRINGS = YES;
				SWIFT_VERSION = 5.0;
				TARGETED_DEVICE_FAMILY = "1,2";
			};
			name = Debug;
		};
		ACC07C9C27B7BF82000FBDE5 /* Release */ = {
			isa = XCBuildConfiguration;
			buildSettings = {
				ASSETCATALOG_COMPILER_APPICON_NAME = AppIcon;
				ASSETCATALOG_COMPILER_GLOBAL_ACCENT_COLOR_NAME = AccentColor;
				CODE_SIGN_STYLE = Automatic;
				CURRENT_PROJECT_VERSION = 1;
				DEVELOPMENT_TEAM = 5SR2HY74BB;
				GENERATE_INFOPLIST_FILE = YES;
				INFOPLIST_FILE = calculator2/Info.plist;
				INFOPLIST_KEY_UIApplicationSupportsIndirectInputEvents = YES;
				INFOPLIST_KEY_UILaunchStoryboardName = LaunchScreen;
				INFOPLIST_KEY_UIMainStoryboardFile = Main;
				INFOPLIST_KEY_UISupportedInterfaceOrientations_iPad = "UIInterfaceOrientationPortrait UIInterfaceOrientationPortraitUpsideDown UIInterfaceOrientationLandscapeLeft UIInterfaceOrientationLandscapeRight";
				INFOPLIST_KEY_UISupportedInterfaceOrientations_iPhone = "UIInterfaceOrientationPortrait UIInterfaceOrientationLandscapeLeft UIInterfaceOrientationLandscapeRight";
				LD_RUNPATH_SEARCH_PATHS = (
					"$(inherited)",
					"@executable_path/Frameworks",
				);
				MARKETING_VERSION = 1.0;
				PRODUCT_BUNDLE_IDENTIFIER = "ru.Ainur-Zhekenova.calculator2";
				PRODUCT_NAME = "$(TARGET_NAME)";
				SWIFT_EMIT_LOC_STRINGS = YES;
				SWIFT_VERSION = 5.0;
				TARGETED_DEVICE_FAMILY = "1,2";
			};
			name = Release;
		};
		ACC07C9E27B7BF82000FBDE5 /* Debug */ = {
			isa = XCBuildConfiguration;
			buildSettings = {
				ALWAYS_EMBED_SWIFT_STANDARD_LIBRARIES = YES;
				BUNDLE_LOADER = "$(TEST_HOST)";
				CODE_SIGN_STYLE = Automatic;
				CURRENT_PROJECT_VERSION = 1;
				DEVELOPMENT_TEAM = 5SR2HY74BB;
				GENERATE_INFOPLIST_FILE = YES;
				IPHONEOS_DEPLOYMENT_TARGET = 15.2;
				MARKETING_VERSION = 1.0;
				PRODUCT_BUNDLE_IDENTIFIER = "ru.Ainur-Zhekenova.calculator2Tests";
				PRODUCT_NAME = "$(TARGET_NAME)";
				SWIFT_EMIT_LOC_STRINGS = NO;
				SWIFT_VERSION = 5.0;
				TARGETED_DEVICE_FAMILY = "1,2";
				TEST_HOST = "$(BUILT_PRODUCTS_DIR)/calculator2.app/calculator2";
			};
			name = Debug;
		};
		ACC07C9F27B7BF82000FBDE5 /* Release */ = {
			isa = XCBuildConfiguration;
			buildSettings = {
				ALWAYS_EMBED_SWIFT_STANDARD_LIBRARIES = YES;
				BUNDLE_LOADER = "$(TEST_HOST)";
				CODE_SIGN_STYLE = Automatic;
				CURRENT_PROJECT_VERSION = 1;
				DEVELOPMENT_TEAM = 5SR2HY74BB;
				GENERATE_INFOPLIST_FILE = YES;
				IPHONEOS_DEPLOYMENT_TARGET = 15.2;
				MARKETING_VERSION = 1.0;
				PRODUCT_BUNDLE_IDENTIFIER = "ru.Ainur-Zhekenova.calculator2Tests";
				PRODUCT_NAME = "$(TARGET_NAME)";
				SWIFT_EMIT_LOC_STRINGS = NO;
				SWIFT_VERSION = 5.0;
				TARGETED_DEVICE_FAMILY = "1,2";
				TEST_HOST = "$(BUILT_PRODUCTS_DIR)/calculator2.app/calculator2";
			};
			name = Release;
		};
		ACC07CA127B7BF82000FBDE5 /* Debug */ = {
			isa = XCBuildConfiguration;
			buildSettings = {
				ALWAYS_EMBED_SWIFT_STANDARD_LIBRARIES = YES;
				CODE_SIGN_STYLE = Automatic;
				CURRENT_PROJECT_VERSION = 1;
				DEVELOPMENT_TEAM = 5SR2HY74BB;
				GENERATE_INFOPLIST_FILE = YES;
				MARKETING_VERSION = 1.0;
				PRODUCT_BUNDLE_IDENTIFIER = "ru.Ainur-Zhekenova.calculator2UITests";
				PRODUCT_NAME = "$(TARGET_NAME)";
				SWIFT_EMIT_LOC_STRINGS = NO;
				SWIFT_VERSION = 5.0;
				TARGETED_DEVICE_FAMILY = "1,2";
				TEST_TARGET_NAME = calculator2;
			};
			name = Debug;
		};
		ACC07CA227B7BF82000FBDE5 /* Release */ = {
			isa = XCBuildConfiguration;
			buildSettings = {
				ALWAYS_EMBED_SWIFT_STANDARD_LIBRARIES = YES;
				CODE_SIGN_STYLE = Automatic;
				CURRENT_PROJECT_VERSION = 1;
				DEVELOPMENT_TEAM = 5SR2HY74BB;
				GENERATE_INFOPLIST_FILE = YES;
				MARKETING_VERSION = 1.0;
				PRODUCT_BUNDLE_IDENTIFIER = "ru.Ainur-Zhekenova.calculator2UITests";
				PRODUCT_NAME = "$(TARGET_NAME)";
				SWIFT_EMIT_LOC_STRINGS = NO;
				SWIFT_VERSION = 5.0;
				TARGETED_DEVICE_FAMILY = "1,2";
				TEST_TARGET_NAME = calculator2;
			};
			name = Release;
		};
/* End XCBuildConfiguration section */

/* Begin XCConfigurationList section */
		ACC07C6B27B7BF7F000FBDE5 /* Build configuration list for PBXProject "calculator2" */ = {
			isa = XCConfigurationList;
			buildConfigurations = (
				ACC07C9827B7BF82000FBDE5 /* Debug */,
				ACC07C9927B7BF82000FBDE5 /* Release */,
			);
			defaultConfigurationIsVisible = 0;
			defaultConfigurationName = Release;
		};
		ACC07C9A27B7BF82000FBDE5 /* Build configuration list for PBXNativeTarget "calculator2" */ = {
			isa = XCConfigurationList;
			buildConfigurations = (
				ACC07C9B27B7BF82000FBDE5 /* Debug */,
				ACC07C9C27B7BF82000FBDE5 /* Release */,
			);
			defaultConfigurationIsVisible = 0;
			defaultConfigurationName = Release;
		};
		ACC07C9D27B7BF82000FBDE5 /* Build configuration list for PBXNativeTarget "calculator2Tests" */ = {
			isa = XCConfigurationList;
			buildConfigurations = (
				ACC07C9E27B7BF82000FBDE5 /* Debug */,
				ACC07C9F27B7BF82000FBDE5 /* Release */,
			);
			defaultConfigurationIsVisible = 0;
			defaultConfigurationName = Release;
		};
		ACC07CA027B7BF82000FBDE5 /* Build configuration list for PBXNativeTarget "calculator2UITests" */ = {
			isa = XCConfigurationList;
			buildConfigurations = (
				ACC07CA127B7BF82000FBDE5 /* Debug */,
				ACC07CA227B7BF82000FBDE5 /* Release */,
			);
			defaultConfigurationIsVisible = 0;
			defaultConfigurationName = Release;
		};
/* End XCConfigurationList section */
	};
	rootObject = ACC07C6827B7BF7F000FBDE5 /* Project object */;
}
